
Microsoft Visual Studio Solution File, Format Version 12.00
# Visual Studio 15
VisualStudioVersion = 15.0.28307.136
MinimumVisualStudioVersion = 10.0.40219.1
Project("{FAE04EC0-301F-11D3-BF4B-00C04F79EFBC}") = "LesPeak", "LesPeak\LesPeak.csproj", "{7BCE123E-6974-4700-BF2C-62FD4142C363}"
EndProject
Global
	GlobalSection(SolutionConfigurationPlatforms) = preSolution
		Debug|Any CPU = Debug|Any CPU
		Release|Any CPU = Release|Any CPU
	EndGlobalSection
	GlobalSection(ProjectConfigurationPlatforms) = postSolution
		{7BCE123E-6974-4700-BF2C-62FD4142C363}.Debug|Any CPU.ActiveCfg = Debug|Any CPU
		{7BCE123E-6974-4700-BF2C-62FD4142C363}.Debug|Any CPU.Build.0 = Debug|Any CPU
		{7BCE123E-6974-4700-BF2C-62FD4142C363}.Release|Any CPU.ActiveCfg = Release|Any CPU
		{7BCE123E-6974-4700-BF2C-62FD4142C363}.Release|Any CPU.Build.0 = Release|Any CPU
	EndGlobalSection
	GlobalSection(SolutionProperties) = preSolution
		HideSolutionNode = FALSE
	EndGlobalSection
	GlobalSection(ExtensibilityGlobals) = postSolution
		SolutionGuid = {3B3E098F-0427-4C49-893F-9063EAFE0B61}
	EndGlobalSection
EndGlobal
